
Microsoft Visual Studio Solution File, Format Version 12.00
# Visual Studio Version 17
VisualStudioVersion = 17.11.35219.272
MinimumVisualStudioVersion = 10.0.40219.1
Project("{9A19103F-16F7-4668-BE54-9A1E7A4F7556}") = "WeatherApp", "WeatherApp\WeatherApp.csproj", "{E774DC22-BB66-4136-95E5-3FD531C89591}"
EndProject
Project("{9A19103F-16F7-4668-BE54-9A1E7A4F7556}") = "WeatherApp.Core", "WeatherApp.Core\WeatherApp.Core.csproj", "{7D82837F-8F80-403F-AD89-0A0D0E75B5C4}"
EndProject
Project("{FAE04EC0-301F-11D3-BF4B-00C04F79EFBC}") = "WeatherApp.Data", "WeatherApp.Data\WeatherApp.Data.csproj", "{37B16420-5C41-4AA2-B16C-3CC5087D6EB7}"
EndProject
Global
	GlobalSection(SolutionConfigurationPlatforms) = preSolution
		Debug|Any CPU = Debug|Any CPU
		Release|Any CPU = Release|Any CPU
	EndGlobalSection
	GlobalSection(ProjectConfigurationPlatforms) = postSolution
		{E774DC22-BB66-4136-95E5-3FD531C89591}.Debug|Any CPU.ActiveCfg = Debug|Any CPU
		{E774DC22-BB66-4136-95E5-3FD531C89591}.Debug|Any CPU.Build.0 = Debug|Any CPU
		{E774DC22-BB66-4136-95E5-3FD531C89591}.Release|Any CPU.ActiveCfg = Release|Any CPU
		{E774DC22-BB66-4136-95E5-3FD531C89591}.Release|Any CPU.Build.0 = Release|Any CPU
		{7D82837F-8F80-403F-AD89-0A0D0E75B5C4}.Debug|Any CPU.ActiveCfg = Debug|Any CPU
		{7D82837F-8F80-403F-AD89-0A0D0E75B5C4}.Debug|Any CPU.Build.0 = Debug|Any CPU
		{7D82837F-8F80-403F-AD89-0A0D0E75B5C4}.Release|Any CPU.ActiveCfg = Release|Any CPU
		{7D82837F-8F80-403F-AD89-0A0D0E75B5C4}.Release|Any CPU.Build.0 = Release|Any CPU
		{37B16420-5C41-4AA2-B16C-3CC5087D6EB7}.Debug|Any CPU.ActiveCfg = Debug|Any CPU
		{37B16420-5C41-4AA2-B16C-3CC5087D6EB7}.Debug|Any CPU.Build.0 = Debug|Any CPU
		{37B16420-5C41-4AA2-B16C-3CC5087D6EB7}.Release|Any CPU.ActiveCfg = Release|Any CPU
		{37B16420-5C41-4AA2-B16C-3CC5087D6EB7}.Release|Any CPU.Build.0 = Release|Any CPU
	EndGlobalSection
	GlobalSection(SolutionProperties) = preSolution
		HideSolutionNode = FALSE
	EndGlobalSection
	GlobalSection(ExtensibilityGlobals) = postSolution
		SolutionGuid = {E0F76136-3975-4A45-B68B-D04363797D3B}
	EndGlobalSection
EndGlobal
